
Microsoft Visual Studio Solution File, Format Version 12.00
# Visual Studio Version 16
VisualStudioVersion = 16.0.30804.86
MinimumVisualStudioVersion = 10.0.40219.1
Project("{9A19103F-16F7-4668-BE54-9A1E7A4F7556}") = "Geometri", "Geometri\Geometri.csproj", "{691A7279-65DC-401D-8042-9776D4819FE6}"
EndProject
Project("{FAE04EC0-301F-11D3-BF4B-00C04F79EFBC}") = "Shipping", "Shipping\Shipping.csproj", "{EC21067B-A64E-449A-AF3F-A693170070BE}"
EndProject
Global
	GlobalSection(SolutionConfigurationPlatforms) = preSolution
		Debug|Any CPU = Debug|Any CPU
		Release|Any CPU = Release|Any CPU
	EndGlobalSection
	GlobalSection(ProjectConfigurationPlatforms) = postSolution
		{691A7279-65DC-401D-8042-9776D4819FE6}.Debug|Any CPU.ActiveCfg = Debug|Any CPU
		{691A7279-65DC-401D-8042-9776D4819FE6}.Debug|Any CPU.Build.0 = Debug|Any CPU
		{691A7279-65DC-401D-8042-9776D4819FE6}.Release|Any CPU.ActiveCfg = Release|Any CPU
		{691A7279-65DC-401D-8042-9776D4819FE6}.Release|Any CPU.Build.0 = Release|Any CPU
		{EC21067B-A64E-449A-AF3F-A693170070BE}.Debug|Any CPU.ActiveCfg = Debug|Any CPU
		{EC21067B-A64E-449A-AF3F-A693170070BE}.Debug|Any CPU.Build.0 = Debug|Any CPU
		{EC21067B-A64E-449A-AF3F-A693170070BE}.Release|Any CPU.ActiveCfg = Release|Any CPU
		{EC21067B-A64E-449A-AF3F-A693170070BE}.Release|Any CPU.Build.0 = Release|Any CPU
	EndGlobalSection
	GlobalSection(SolutionProperties) = preSolution
		HideSolutionNode = FALSE
	EndGlobalSection
	GlobalSection(ExtensibilityGlobals) = postSolution
		SolutionGuid = {86143B7D-8FE3-43C0-B110-2E1C0B8E81DE}
	EndGlobalSection
EndGlobal
